{
  "name": "create-jeasx",
  "version": "1.3.8",
  "lockfileVersion": 3,
  "requires": true,
  "packages": {
    "": {
      "name": "create-jeasx",
      "version": "1.3.8",
      "license": "MIT",
      "dependencies": {
        "commander": "15.0.0",
        "giget": "3.3.0"
      },
      "bin": {
        "create-jeasx": "cli.js"
      }
    },
    "node_modules/commander": {
      "version": "15.0.0",
      "resolved": "https://registry.npmjs.org/commander/-/commander-15.0.0.tgz",
      "integrity": "sha512-z67u4ZhzCL/Tydu1lJARtEZYWbWaN7oYLHbsuzocr6y4N6WZAagG3RQ4FW61V1/0+jImpj293XfrcYnd1qxtPg==",
      "license": "MIT",
      "engines": {
        "node": ">=22.12.0"
      }
    },
    "node_modules/giget": {
      "version": "3.3.0",
      "resolved": "https://registry.npmjs.org/giget/-/giget-3.3.0.tgz",
      "integrity": "sha512-gzi2D96p+AMfDcmJHGDj3KJ9NRiwvlFAU5yfa3ROwWZmFUjX4P43x3BcyRaOMMLto1vUo7C+86+MFhYTl6Ryiw==",
      "license": "MIT",
      "bin": {
        "giget": "dist/cli.mjs"
      }
    }
  }
}
